
Microsoft Visual Studio Solution File, Format Version 12.00
# Visual Studio Version 17
VisualStudioVersion = 17.11.35219.272
MinimumVisualStudioVersion = 10.0.40219.1
Project("{FAE04EC0-301F-11D3-BF4B-00C04F79EFBC}") = "Back", "Back.csproj", "{666380DF-1EB2-4917-BFBA-DD9BB4609BD9}"
EndProject
Global
	GlobalSection(SolutionConfigurationPlatforms) = preSolution
		Debug|Any CPU = Debug|Any CPU
		Release|Any CPU = Release|Any CPU
	EndGlobalSection
	GlobalSection(ProjectConfigurationPlatforms) = postSolution
		{666380DF-1EB2-4917-BFBA-DD9BB4609BD9}.Debug|Any CPU.ActiveCfg = Debug|Any CPU
		{666380DF-1EB2-4917-BFBA-DD9BB4609BD9}.Debug|Any CPU.Build.0 = Debug|Any CPU
		{666380DF-1EB2-4917-BFBA-DD9BB4609BD9}.Release|Any CPU.ActiveCfg = Release|Any CPU
		{666380DF-1EB2-4917-BFBA-DD9BB4609BD9}.Release|Any CPU.Build.0 = Release|Any CPU
	EndGlobalSection
	GlobalSection(SolutionProperties) = preSolution
		HideSolutionNode = FALSE
	EndGlobalSection
	GlobalSection(ExtensibilityGlobals) = postSolution
		SolutionGuid = {E4190EFD-9810-4804-8646-AD411AE75D4B}
	EndGlobalSection
EndGlobal
